// !$*UTF8*$!
{
	archiveVersion = 1;
	classes = {
	};
	objectVersion = 77;
	objects = {

/* Begin PBXContainerItemProxy section */
		1A7F1F482E1A3E6900BE92A9 /* PBXContainerItemProxy */ = {
			isa = PBXContainerItemProxy;
			containerPortal = 1A7F1F2F2E1A3E6900BE92A9 /* Project object */;
			proxyType = 1;
			remoteGlobalIDString = 1A7F1F362E1A3E6900BE92A9;
			remoteInfo = LockIt;
		};
		1A7F1F522E1A3E6900BE92A9 /* PBXContainerItemProxy */ = {
			isa = PBXContainerItemProxy;
			containerPortal = 1A7F1F2F2E1A3E6900BE92A9 /* Project object */;
			proxyType = 1;
			remoteGlobalIDString = 1A7F1F362E1A3E6900BE92A9;
			remoteInfo = LockIt;
		};
/* End PBXContainerItemProxy section */

/* Begin PBXCopyFilesBuildPhase section */
		1ABCA9A62E1F722C00855338 /* CopyFiles */ = {
			isa = PBXCopyFilesBuildPhase;
			buildActionMask = 2147483647;
			dstPath = Contents/Library/LaunchAgents;
			dstSubfolderSpec = 1;
			files = (
			);
			runOnlyForDeploymentPostprocessing = 0;
		};
/* End PBXCopyFilesBuildPhase section */

/* Begin PBXFileReference section */
		1A7F1F372E1A3E6900BE92A9 /* LockIt.app */ = {isa = PBXFileReference; explicitFileType = wrapper.application; includeInIndex = 0; path = LockIt.app; sourceTree = BUILT_PRODUCTS_DIR; };
		1A7F1F472E1A3E6900BE92A9 /* LockItTests.xctest */ = {isa = PBXFileReference; explicitFileType = wrapper.cfbundle; includeInIndex = 0; path = LockItTests.xctest; sourceTree = BUILT_PRODUCTS_DIR; };
		1A7F1F512E1A3E6900BE92A9 /* LockItUITests.xctest */ = {isa = PBXFileReference; explicitFileType = wrapper.cfbundle; includeInIndex = 0; path = LockItUITests.xctest; sourceTree = BUILT_PRODUCTS_DIR; };
/* End PBXFileReference section */

/* Begin PBXFileSystemSynchronizedBuildFileExceptionSet section */
		1A5F89232E1D332E00FC1C86 /* Exceptions for "LockIt" folder in "LockIt" target */ = {
			isa = PBXFileSystemSynchronizedBuildFileExceptionSet;
			membershipExceptions = (
				Info.plist,
			);
			target = 1A7F1F362E1A3E6900BE92A9 /* LockIt */;
		};
/* End PBXFileSystemSynchronizedBuildFileExceptionSet section */

/* Begin PBXFileSystemSynchronizedRootGroup section */
		1A7F1F392E1A3E6900BE92A9 /* LockIt */ = {
			isa = PBXFileSystemSynchronizedRootGroup;
			exceptions = (
				1A5F89232E1D332E00FC1C86 /* Exceptions for "LockIt" folder in "LockIt" target */,
			);
			path = LockIt;
			sourceTree = "<group>";
		};
		1A7F1F4A2E1A3E6900BE92A9 /* LockItTests */ = {
			isa = PBXFileSystemSynchronizedRootGroup;
			path = LockItTests;
			sourceTree = "<group>";
		};
		1A7F1F542E1A3E6900BE92A9 /* LockItUITests */ = {
			isa = PBXFileSystemSynchronizedRootGroup;
			path = LockItUITests;
			sourceTree = "<group>";
		};
/* End PBXFileSystemSynchronizedRootGroup section */

/* Begin PBXFrameworksBuildPhase section */
		1A7F1F342E1A3E6900BE92A9 /* Frameworks */ = {
			isa = PBXFrameworksBuildPhase;
			buildActionMask = 2147483647;
			files = (
			);
			runOnlyForDeploymentPostprocessing = 0;
		};
		1A7F1F442E1A3E6900BE92A9 /* Frameworks */ = {
			isa = PBXFrameworksBuildPhase;
			buildActionMask = 2147483647;
			files = (
			);
			runOnlyForDeploymentPostprocessing = 0;
		};
		1A7F1F4E2E1A3E6900BE92A9 /* Frameworks */ = {
			isa = PBXFrameworksBuildPhase;
			buildActionMask = 2147483647;
			files = (
			);
			runOnlyForDeploymentPostprocessing = 0;
		};
/* End PBXFrameworksBuildPhase section */

/* Begin PBXGroup section */
		1A7F1F2E2E1A3E6900BE92A9 = {
			isa = PBXGroup;
			children = (
				1A7F1F392E1A3E6900BE92A9 /* LockIt */,
				1A7F1F4A2E1A3E6900BE92A9 /* LockItTests */,
				1A7F1F542E1A3E6900BE92A9 /* LockItUITests */,
				1A7F1F382E1A3E6900BE92A9 /* Products */,
			);
			sourceTree = "<group>";
		};
		1A7F1F382E1A3E6900BE92A9 /* Products */ = {
			isa = PBXGroup;
			children = (
				1A7F1F372E1A3E6900BE92A9 /* LockIt.app */,
				1A7F1F472E1A3E6900BE92A9 /* LockItTests.xctest */,
				1A7F1F512E1A3E6900BE92A9 /* LockItUITests.xctest */,
			);
			name = Products;
			sourceTree = "<group>";
		};
/* End PBXGroup section */

/* Begin PBXNativeTarget section */
		1A7F1F362E1A3E6900BE92A9 /* LockIt */ = {
			isa = PBXNativeTarget;
			buildConfigurationList = 1A7F1F5B2E1A3E6900BE92A9 /* Build configuration list for PBXNativeTarget "LockIt" */;
			buildPhases = (
				1A7F1F332E1A3E6900BE92A9 /* Sources */,
				1A7F1F342E1A3E6900BE92A9 /* Frameworks */,
				1A7F1F352E1A3E6900BE92A9 /* Resources */,
				1ABCA9A62E1F722C00855338 /* CopyFiles */,
			);
			buildRules = (
			);
			dependencies = (
			);
			fileSystemSynchronizedGroups = (
				1A7F1F392E1A3E6900BE92A9 /* LockIt */,
			);
			name = LockIt;
			packageProductDependencies = (
			);
			productName = LockIt;
			productReference = 1A7F1F372E1A3E6900BE92A9 /* LockIt.app */;
			productType = "com.apple.product-type.application";
		};
		1A7F1F462E1A3E6900BE92A9 /* LockItTests */ = {
			isa = PBXNativeTarget;
			buildConfigurationList = 1A7F1F5E2E1A3E6900BE92A9 /* Build configuration list for PBXNativeTarget "LockItTests" */;
			buildPhases = (
				1A7F1F432E1A3E6900BE92A9 /* Sources */,
				1A7F1F442E1A3E6900BE92A9 /* Frameworks */,
				1A7F1F452E1A3E6900BE92A9 /* Resources */,
			);
			buildRules = (
			);
			dependencies = (
				1A7F1F492E1A3E6900BE92A9 /* PBXTargetDependency */,
			);
			fileSystemSynchronizedGroups = (
				1A7F1F4A2E1A3E6900BE92A9 /* LockItTests */,
			);
			name = LockItTests;
			packageProductDependencies = (
			);
			productName = LockItTests;
			productReference = 1A7F1F472E1A3E6900BE92A9 /* LockItTests.xctest */;
			productType = "com.apple.product-type.bundle.unit-test";
		};
		1A7F1F502E1A3E6900BE92A9 /* LockItUITests */ = {
			isa = PBXNativeTarget;
			buildConfigurationList = 1A7F1F612E1A3E6900BE92A9 /* Build configuration list for PBXNativeTarget "LockItUITests" */;
			buildPhases = (
				1A7F1F4D2E1A3E6900BE92A9 /* Sources */,
				1A7F1F4E2E1A3E6900BE92A9 /* Frameworks */,
				1A7F1F4F2E1A3E6900BE92A9 /* Resources */,
			);
			buildRules = (
			);
			dependencies = (
				1A7F1F532E1A3E6900BE92A9 /* PBXTargetDependency */,
			);
			fileSystemSynchronizedGroups = (
				1A7F1F542E1A3E6900BE92A9 /* LockItUITests */,
			);
			name = LockItUITests;
			packageProductDependencies = (
			);
			productName = LockItUITests;
			productReference = 1A7F1F512E1A3E6900BE92A9 /* LockItUITests.xctest */;
			productType = "com.apple.product-type.bundle.ui-testing";
		};
/* End PBXNativeTarget section */

/* Begin PBXProject section */
		1A7F1F2F2E1A3E6900BE92A9 /* Project object */ = {
			isa = PBXProject;
			attributes = {
				BuildIndependentTargetsInParallel = 1;
				LastSwiftUpdateCheck = 1640;
				LastUpgradeCheck = 1640;
				TargetAttributes = {
					1A7F1F362E1A3E6900BE92A9 = {
						CreatedOnToolsVersion = 16.4;
					};
					1A7F1F462E1A3E6900BE92A9 = {
						CreatedOnToolsVersion = 16.4;
						TestTargetID = 1A7F1F362E1A3E6900BE92A9;
					};
					1A7F1F502E1A3E6900BE92A9 = {
						CreatedOnToolsVersion = 16.4;
						TestTargetID = 1A7F1F362E1A3E6900BE92A9;
					};
				};
			};
			buildConfigurationList = 1A7F1F322E1A3E6900BE92A9 /* Build configuration list for PBXProject "LockIt" */;
			developmentRegion = en;
			hasScannedForEncodings = 0;
			knownRegions = (
				en,
				Base,
				"zh-Hans",
				ja,
				ko,
				"zh-Hant",
				de,
				it,
			);
			mainGroup = 1A7F1F2E2E1A3E6900BE92A9;
			minimizedProjectReferenceProxies = 1;
			preferredProjectObjectVersion = 77;
			productRefGroup = 1A7F1F382E1A3E6900BE92A9 /* Products */;
			projectDirPath = "";
			projectRoot = "";
			targets = (
				1A7F1F362E1A3E6900BE92A9 /* LockIt */,
				1A7F1F462E1A3E6900BE92A9 /* LockItTests */,
				1A7F1F502E1A3E6900BE92A9 /* LockItUITests */,
			);
		};
/* End PBXProject section */

/* Begin PBXResourcesBuildPhase section */
		1A7F1F352E1A3E6900BE92A9 /* Resources */ = {
			isa = PBXResourcesBuildPhase;
			buildActionMask = 2147483647;
			files = (
			);
			runOnlyForDeploymentPostprocessing = 0;
		};
		1A7F1F452E1A3E6900BE92A9 /* Resources */ = {
			isa = PBXResourcesBuildPhase;
			buildActionMask = 2147483647;
			files = (
			);
			runOnlyForDeploymentPostprocessing = 0;
		};
		1A7F1F4F2E1A3E6900BE92A9 /* Resources */ = {
			isa = PBXResourcesBuildPhase;
			buildActionMask = 2147483647;
			files = (
			);
			runOnlyForDeploymentPostprocessing = 0;
		};
/* End PBXResourcesBuildPhase section */

/* Begin PBXSourcesBuildPhase section */
		1A7F1F332E1A3E6900BE92A9 /* Sources */ = {
			isa = PBXSourcesBuildPhase;
			buildActionMask = 2147483647;
			files = (
			);
			runOnlyForDeploymentPostprocessing = 0;
		};
		1A7F1F432E1A3E6900BE92A9 /* Sources */ = {
			isa = PBXSourcesBuildPhase;
			buildActionMask = 2147483647;
			files = (
			);
			runOnlyForDeploymentPostprocessing = 0;
		};
		1A7F1F4D2E1A3E6900BE92A9 /* Sources */ = {
			isa = PBXSourcesBuildPhase;
			buildActionMask = 2147483647;
			files = (
			);
			runOnlyForDeploymentPostprocessing = 0;
		};
/* End PBXSourcesBuildPhase section */

/* Begin PBXTargetDependency section */
		1A7F1F492E1A3E6900BE92A9 /* PBXTargetDependency */ = {
			isa = PBXTargetDependency;
			target = 1A7F1F362E1A3E6900BE92A9 /* LockIt */;
			targetProxy = 1A7F1F482E1A3E6900BE92A9 /* PBXContainerItemProxy */;
		};
		1A7F1F532E1A3E6900BE92A9 /* PBXTargetDependency */ = {
			isa = PBXTargetDependency;
			target = 1A7F1F362E1A3E6900BE92A9 /* LockIt */;
			targetProxy = 1A7F1F522E1A3E6900BE92A9 /* PBXContainerItemProxy */;
		};
/* End PBXTargetDependency section */

/* Begin XCBuildConfiguration section */
		1A7F1F592E1A3E6900BE92A9 /* Debug */ = {
			isa = XCBuildConfiguration;
			buildSettings = {
				ALWAYS_SEARCH_USER_PATHS = NO;
				ASSETCATALOG_COMPILER_GENERATE_SWIFT_ASSET_SYMBOL_EXTENSIONS = YES;
				CLANG_ANALYZER_NONNULL = YES;
				CLANG_ANALYZER_NUMBER_OBJECT_CONVERSION = YES_AGGRESSIVE;
				CLANG_CXX_LANGUAGE_STANDARD = "gnu++20";
				CLANG_ENABLE_MODULES = YES;
				CLANG_ENABLE_OBJC_ARC = YES;
				CLANG_ENABLE_OBJC_WEAK = YES;
				CLANG_WARN_BLOCK_CAPTURE_AUTORELEASING = YES;
				CLANG_WARN_BOOL_CONVERSION = YES;
				CLANG_WARN_COMMA = YES;
				CLANG_WARN_CONSTANT_CONVERSION = YES;
				CLANG_WARN_DEPRECATED_OBJC_IMPLEMENTATIONS = YES;
				CLANG_WARN_DIRECT_OBJC_ISA_USAGE = YES_ERROR;
				CLANG_WARN_DOCUMENTATION_COMMENTS = YES;
				CLANG_WARN_EMPTY_BODY = YES;
				CLANG_WARN_ENUM_CONVERSION = YES;
				CLANG_WARN_INFINITE_RECURSION = YES;
				CLANG_WARN_INT_CONVERSION = YES;
				CLANG_WARN_NON_LITERAL_NULL_CONVERSION = YES;
				CLANG_WARN_OBJC_IMPLICIT_RETAIN_SELF = YES;
				CLANG_WARN_OBJC_LITERAL_CONVERSION = YES;
				CLANG_WARN_OBJC_ROOT_CLASS = YES_ERROR;
				CLANG_WARN_QUOTED_INCLUDE_IN_FRAMEWORK_HEADER = YES;
				CLANG_WARN_RANGE_LOOP_ANALYSIS = YES;
				CLANG_WARN_STRICT_PROTOTYPES = YES;
				CLANG_WARN_SUSPICIOUS_MOVE = YES;
				CLANG_WARN_UNGUARDED_AVAILABILITY = YES_AGGRESSIVE;
				CLANG_WARN_UNREACHABLE_CODE = YES;
				CLANG_WARN__DUPLICATE_METHOD_MATCH = YES;
				COPY_PHASE_STRIP = NO;
				DEBUG_INFORMATION_FORMAT = dwarf;
				DEVELOPMENT_TEAM = 43VDTU96M9;
				ENABLE_STRICT_OBJC_MSGSEND = YES;
				ENABLE_TESTABILITY = YES;
				ENABLE_USER_SCRIPT_SANDBOXING = YES;
				GCC_C_LANGUAGE_STANDARD = gnu17;
				GCC_DYNAMIC_NO_PIC = NO;
				GCC_NO_COMMON_BLOCKS = YES;
				GCC_OPTIMIZATION_LEVEL = 0;
				GCC_PREPROCESSOR_DEFINITIONS = (
					"DEBUG=1",
					"$(inherited)",
				);
				GCC_WARN_64_TO_32_BIT_CONVERSION = YES;
				GCC_WARN_ABOUT_RETURN_TYPE = YES_ERROR;
				GCC_WARN_UNDECLARED_SELECTOR = YES;
				GCC_WARN_UNINITIALIZED_AUTOS = YES_AGGRESSIVE;
				GCC_WARN_UNUSED_FUNCTION = YES;
				GCC_WARN_UNUSED_VARIABLE = YES;
				LOCALIZATION_PREFERS_STRING_CATALOGS = YES;
				MACOSX_DEPLOYMENT_TARGET = 15.5;
				MTL_ENABLE_DEBUG_INFO = INCLUDE_SOURCE;
				MTL_FAST_MATH = YES;
				ONLY_ACTIVE_ARCH = YES;
				SDKROOT = macosx;
				SWIFT_ACTIVE_COMPILATION_CONDITIONS = "DEBUG $(inherited)";
				SWIFT_OPTIMIZATION_LEVEL = "-Onone";
			};
			name = Debug;
		};
		1A7F1F5A2E1A3E6900BE92A9 /* Release */ = {
			isa = XCBuildConfiguration;
			buildSettings = {
				ALWAYS_SEARCH_USER_PATHS = NO;
				ASSETCATALOG_COMPILER_GENERATE_SWIFT_ASSET_SYMBOL_EXTENSIONS = YES;
				CLANG_ANALYZER_NONNULL = YES;
				CLANG_ANALYZER_NUMBER_OBJECT_CONVERSION = YES_AGGRESSIVE;
				CLANG_CXX_LANGUAGE_STANDARD = "gnu++20";
				CLANG_ENABLE_MODULES = YES;
				CLANG_ENABLE_OBJC_ARC = YES;
				CLANG_ENABLE_OBJC_WEAK = YES;
				CLANG_WARN_BLOCK_CAPTURE_AUTORELEASING = YES;
				CLANG_WARN_BOOL_CONVERSION = YES;
				CLANG_WARN_COMMA = YES;
				CLANG_WARN_CONSTANT_CONVERSION = YES;
				CLANG_WARN_DEPRECATED_OBJC_IMPLEMENTATIONS = YES;
				CLANG_WARN_DIRECT_OBJC_ISA_USAGE = YES_ERROR;
				CLANG_WARN_DOCUMENTATION_COMMENTS = YES;
				CLANG_WARN_EMPTY_BODY = YES;
				CLANG_WARN_ENUM_CONVERSION = YES;
				CLANG_WARN_INFINITE_RECURSION = YES;
				CLANG_WARN_INT_CONVERSION = YES;
				CLANG_WARN_NON_LITERAL_NULL_CONVERSION = YES;
				CLANG_WARN_OBJC_IMPLICIT_RETAIN_SELF = YES;
				CLANG_WARN_OBJC_LITERAL_CONVERSION = YES;
				CLANG_WARN_OBJC_ROOT_CLASS = YES_ERROR;
				CLANG_WARN_QUOTED_INCLUDE_IN_FRAMEWORK_HEADER = YES;
				CLANG_WARN_RANGE_LOOP_ANALYSIS = YES;
				CLANG_WARN_STRICT_PROTOTYPES = YES;
				CLANG_WARN_SUSPICIOUS_MOVE = YES;
				CLANG_WARN_UNGUARDED_AVAILABILITY = YES_AGGRESSIVE;
				CLANG_WARN_UNREACHABLE_CODE = YES;
				CLANG_WARN__DUPLICATE_METHOD_MATCH = YES;
				COPY_PHASE_STRIP = NO;
				DEBUG_INFORMATION_FORMAT = "dwarf-with-dsym";
				DEVELOPMENT_TEAM = 43VDTU96M9;
				ENABLE_NS_ASSERTIONS = NO;
				ENABLE_STRICT_OBJC_MSGSEND = YES;
				ENABLE_USER_SCRIPT_SANDBOXING = YES;
				GCC_C_LANGUAGE_STANDARD = gnu17;
				GCC_NO_COMMON_BLOCKS = YES;
				GCC_WARN_64_TO_32_BIT_CONVERSION = YES;
				GCC_WARN_ABOUT_RETURN_TYPE = YES_ERROR;
				GCC_WARN_UNDECLARED_SELECTOR = YES;
				GCC_WARN_UNINITIALIZED_AUTOS = YES_AGGRESSIVE;
				GCC_WARN_UNUSED_FUNCTION = YES;
				GCC_WARN_UNUSED_VARIABLE = YES;
				LOCALIZATION_PREFERS_STRING_CATALOGS = YES;
				MACOSX_DEPLOYMENT_TARGET = 15.5;
				MTL_ENABLE_DEBUG_INFO = NO;
				MTL_FAST_MATH = YES;
				SDKROOT = macosx;
				SWIFT_COMPILATION_MODE = wholemodule;
			};
			name = Release;
		};
		1A7F1F5C2E1A3E6900BE92A9 /* Debug */ = {
			isa = XCBuildConfiguration;
			buildSettings = {
				ASSETCATALOG_COMPILER_APPICON_NAME = AppIcon;
				ASSETCATALOG_COMPILER_GLOBAL_ACCENT_COLOR_NAME = AccentColor;
				CODE_SIGN_ENTITLEMENTS = LockIt/LockIt.entitlements;
				"CODE_SIGN_IDENTITY[sdk=macosx*]" = "-";
				CODE_SIGN_STYLE = Automatic;
				COMBINE_HIDPI_IMAGES = YES;
				CURRENT_PROJECT_VERSION = "$(CURRENT_PROJECT_VERSION)";
				DEVELOPMENT_TEAM = 43VDTU96M9;
				DYLIB_CURRENT_VERSION = "$(MARKETING_VERSION)";
				"DYLIB_CURRENT_VERSION[arch=*]" = "$(MARKETING_VERSION)";
				ENABLE_HARDENED_RUNTIME = YES;
				ENABLE_PREVIEWS = YES;
				GENERATE_INFOPLIST_FILE = YES;
				"INFOPLIST_FILE[sdk=*]" = LockIt/Info.plist;
				INFOPLIST_KEY_CFBundleDisplayName = "LockIt！";
				INFOPLIST_KEY_LSApplicationCategoryType = "public.app-category.utilities";
				INFOPLIST_KEY_LSUIElement = YES;
				INFOPLIST_KEY_NSBluetoothAlwaysUsageDescription = "This app uses Bluetooth to detect when your device is nearby.";
				INFOPLIST_KEY_NSHumanReadableCopyright = "";
				LD_RUNPATH_SEARCH_PATHS = (
					"$(inherited)",
					"@executable_path/../Frameworks",
				);
				MACOSX_DEPLOYMENT_TARGET = 14.6;
				MARKETING_VERSION = "$(MARKETING_VERSION)";
				"MARKETING_VERSION[sdk=*]" = "$(MARKETING_VERSION)";
				NEW_SETTING = "";
				PRODUCT_BUNDLE_IDENTIFIER = com.knotding.LockIt;
				PRODUCT_NAME = "$(TARGET_NAME)";
				REGISTER_APP_GROUPS = YES;
				SWIFT_EMIT_LOC_STRINGS = YES;
				SWIFT_VERSION = 5.0;
			};
			name = Debug;
		};
		1A7F1F5D2E1A3E6900BE92A9 /* Release */ = {
			isa = XCBuildConfiguration;
			buildSettings = {
				ASSETCATALOG_COMPILER_APPICON_NAME = AppIcon;
				ASSETCATALOG_COMPILER_GLOBAL_ACCENT_COLOR_NAME = AccentColor;
				CODE_SIGN_ENTITLEMENTS = LockIt/LockIt.entitlements;
				"CODE_SIGN_IDENTITY[sdk=macosx*]" = "-";
				CODE_SIGN_STYLE = Automatic;
				COMBINE_HIDPI_IMAGES = YES;
				CURRENT_PROJECT_VERSION = "$(CURRENT_PROJECT_VERSION)";
				DEVELOPMENT_TEAM = 43VDTU96M9;
				"DYLIB_CURRENT_VERSION[arch=*]" = "$(MARKETING_VERSION)";
				ENABLE_HARDENED_RUNTIME = YES;
				ENABLE_PREVIEWS = YES;
				GENERATE_INFOPLIST_FILE = YES;
				"INFOPLIST_FILE[sdk=*]" = LockIt/Info.plist;
				INFOPLIST_KEY_CFBundleDisplayName = "LockIt！";
				INFOPLIST_KEY_LSApplicationCategoryType = "public.app-category.utilities";
				INFOPLIST_KEY_LSUIElement = YES;
				INFOPLIST_KEY_NSBluetoothAlwaysUsageDescription = "This app uses Bluetooth to detect when your device is nearby.";
				INFOPLIST_KEY_NSHumanReadableCopyright = "";
				LD_RUNPATH_SEARCH_PATHS = (
					"$(inherited)",
					"@executable_path/../Frameworks",
				);
				MACOSX_DEPLOYMENT_TARGET = 14.6;
				MARKETING_VERSION = "$(MARKETING_VERSION)";
				"MARKETING_VERSION[sdk=*]" = "$(MARKETING_VERSION)";
				NEW_SETTING = "";
				PRODUCT_BUNDLE_IDENTIFIER = com.knotding.LockIt;
				PRODUCT_NAME = "$(TARGET_NAME)";
				REGISTER_APP_GROUPS = YES;
				SWIFT_EMIT_LOC_STRINGS = YES;
				SWIFT_VERSION = 5.0;
			};
			name = Release;
		};
		1A7F1F5F2E1A3E6900BE92A9 /* Debug */ = {
			isa = XCBuildConfiguration;
			buildSettings = {
				BUNDLE_LOADER = "$(TEST_HOST)";
				CODE_SIGN_STYLE = Automatic;
				CURRENT_PROJECT_VERSION = 2b15f77;
				DEVELOPMENT_TEAM = 43VDTU96M9;
				GENERATE_INFOPLIST_FILE = YES;
				MACOSX_DEPLOYMENT_TARGET = 14.0;
				MARKETING_VERSION = 0.0.15;
				PRODUCT_BUNDLE_IDENTIFIER = com.knotding.LockItTests;
				PRODUCT_NAME = "$(TARGET_NAME)";
				SWIFT_EMIT_LOC_STRINGS = NO;
				SWIFT_VERSION = 5.0;
				TEST_HOST = "$(BUILT_PRODUCTS_DIR)/LockIt.app/$(BUNDLE_EXECUTABLE_FOLDER_PATH)/LockIt";
			};
			name = Debug;
		};
		1A7F1F602E1A3E6900BE92A9 /* Release */ = {
			isa = XCBuildConfiguration;
			buildSettings = {
				BUNDLE_LOADER = "$(TEST_HOST)";
				CODE_SIGN_STYLE = Automatic;
				CURRENT_PROJECT_VERSION = 2b15f77;
				DEVELOPMENT_TEAM = 43VDTU96M9;
				GENERATE_INFOPLIST_FILE = YES;
				MACOSX_DEPLOYMENT_TARGET = 14.0;
				MARKETING_VERSION = 0.0.15;
				PRODUCT_BUNDLE_IDENTIFIER = com.knotding.LockItTests;
				PRODUCT_NAME = "$(TARGET_NAME)";
				SWIFT_EMIT_LOC_STRINGS = NO;
				SWIFT_VERSION = 5.0;
				TEST_HOST = "$(BUILT_PRODUCTS_DIR)/LockIt.app/$(BUNDLE_EXECUTABLE_FOLDER_PATH)/LockIt";
			};
			name = Release;
		};
		1A7F1F622E1A3E6900BE92A9 /* Debug */ = {
			isa = XCBuildConfiguration;
			buildSettings = {
				CODE_SIGN_STYLE = Automatic;
				CURRENT_PROJECT_VERSION = 2b15f77;
				DEVELOPMENT_TEAM = 43VDTU96M9;
				GENERATE_INFOPLIST_FILE = YES;
				MARKETING_VERSION = 0.0.15;
				PRODUCT_BUNDLE_IDENTIFIER = com.knotding.LockItUITests;
				PRODUCT_NAME = "$(TARGET_NAME)";
				SWIFT_EMIT_LOC_STRINGS = NO;
				SWIFT_VERSION = 5.0;
				TEST_TARGET_NAME = LockIt;
			};
			name = Debug;
		};
		1A7F1F632E1A3E6900BE92A9 /* Release */ = {
			isa = XCBuildConfiguration;
			buildSettings = {
				CODE_SIGN_STYLE = Automatic;
				CURRENT_PROJECT_VERSION = 2b15f77;
				DEVELOPMENT_TEAM = 43VDTU96M9;
				GENERATE_INFOPLIST_FILE = YES;
				MARKETING_VERSION = 0.0.15;
				PRODUCT_BUNDLE_IDENTIFIER = com.knotding.LockItUITests;
				PRODUCT_NAME = "$(TARGET_NAME)";
				SWIFT_EMIT_LOC_STRINGS = NO;
				SWIFT_VERSION = 5.0;
				TEST_TARGET_NAME = LockIt;
			};
			name = Release;
		};
/* End XCBuildConfiguration section */

/* Begin XCConfigurationList section */
		1A7F1F322E1A3E6900BE92A9 /* Build configuration list for PBXProject "LockIt" */ = {
			isa = XCConfigurationList;
			buildConfigurations = (
				1A7F1F592E1A3E6900BE92A9 /* Debug */,
				1A7F1F5A2E1A3E6900BE92A9 /* Release */,
			);
			defaultConfigurationIsVisible = 0;
			defaultConfigurationName = Release;
		};
		1A7F1F5B2E1A3E6900BE92A9 /* Build configuration list for PBXNativeTarget "LockIt" */ = {
			isa = XCConfigurationList;
			buildConfigurations = (
				1A7F1F5C2E1A3E6900BE92A9 /* Debug */,
				1A7F1F5D2E1A3E6900BE92A9 /* Release */,
			);
			defaultConfigurationIsVisible = 0;
			defaultConfigurationName = Release;
		};
		1A7F1F5E2E1A3E6900BE92A9 /* Build configuration list for PBXNativeTarget "LockItTests" */ = {
			isa = XCConfigurationList;
			buildConfigurations = (
				1A7F1F5F2E1A3E6900BE92A9 /* Debug */,
				1A7F1F602E1A3E6900BE92A9 /* Release */,
			);
			defaultConfigurationIsVisible = 0;
			defaultConfigurationName = Release;
		};
		1A7F1F612E1A3E6900BE92A9 /* Build configuration list for PBXNativeTarget "LockItUITests" */ = {
			isa = XCConfigurationList;
			buildConfigurations = (
				1A7F1F622E1A3E6900BE92A9 /* Debug */,
				1A7F1F632E1A3E6900BE92A9 /* Release */,
			);
			defaultConfigurationIsVisible = 0;
			defaultConfigurationName = Release;
		};
/* End XCConfigurationList section */
	};
	rootObject = 1A7F1F2F2E1A3E6900BE92A9 /* Project object */;
}
